
Microsoft Visual Studio Solution File, Format Version 12.00
# Visual Studio Version 16
VisualStudioVersion = 16.0.31129.286
MinimumVisualStudioVersion = 10.0.40219.1
Project("{FAE04EC0-301F-11D3-BF4B-00C04F79EFBC}") = "2dArrayPractice", "2dArrayPractice.csproj", "{AA34D3B3-AD01-4810-AC6A-F9B19EF62C5B}"
EndProject
Global
	GlobalSection(SolutionConfigurationPlatforms) = preSolution
		Debug|Any CPU = Debug|Any CPU
		Release|Any CPU = Release|Any CPU
	EndGlobalSection
	GlobalSection(ProjectConfigurationPlatforms) = postSolution
		{AA34D3B3-AD01-4810-AC6A-F9B19EF62C5B}.Debug|Any CPU.ActiveCfg = Debug|Any CPU
		{AA34D3B3-AD01-4810-AC6A-F9B19EF62C5B}.Debug|Any CPU.Build.0 = Debug|Any CPU
		{AA34D3B3-AD01-4810-AC6A-F9B19EF62C5B}.Release|Any CPU.ActiveCfg = Release|Any CPU
		{AA34D3B3-AD01-4810-AC6A-F9B19EF62C5B}.Release|Any CPU.Build.0 = Release|Any CPU
	EndGlobalSection
	GlobalSection(SolutionProperties) = preSolution
		HideSolutionNode = FALSE
	EndGlobalSection
	GlobalSection(ExtensibilityGlobals) = postSolution
		SolutionGuid = {A75E10CD-3CA9-4994-B32B-87628C7D3FB9}
	EndGlobalSection
EndGlobal
